
Microsoft Visual Studio Solution File, Format Version 12.00
# Visual Studio Version 17
VisualStudioVersion = 17.14.36310.24 d17.14
MinimumVisualStudioVersion = 10.0.40219.1
Project("{FAE04EC0-301F-11D3-BF4B-00C04F79EFBC}") = "TataSteelDLS", "TataSteelDLS\TataSteelDLS.csproj", "{8A3ABA94-872A-4B59-A494-E8B9A9BFC60D}"
EndProject
Global
	GlobalSection(SolutionConfigurationPlatforms) = preSolution
		Debug|Any CPU = Debug|Any CPU
		Release|Any CPU = Release|Any CPU
	EndGlobalSection
	GlobalSection(ProjectConfigurationPlatforms) = postSolution
		{8A3ABA94-872A-4B59-A494-E8B9A9BFC60D}.Debug|Any CPU.ActiveCfg = Debug|Any CPU
		{8A3ABA94-872A-4B59-A494-E8B9A9BFC60D}.Debug|Any CPU.Build.0 = Debug|Any CPU
		{8A3ABA94-872A-4B59-A494-E8B9A9BFC60D}.Release|Any CPU.ActiveCfg = Release|Any CPU
		{8A3ABA94-872A-4B59-A494-E8B9A9BFC60D}.Release|Any CPU.Build.0 = Release|Any CPU
	EndGlobalSection
	GlobalSection(SolutionProperties) = preSolution
		HideSolutionNode = FALSE
	EndGlobalSection
	GlobalSection(ExtensibilityGlobals) = postSolution
		SolutionGuid = {770E5E3C-F466-463A-BF12-B87CA5FF7346}
	EndGlobalSection
EndGlobal
